speakeasyVersion: 1.723.0
sources:
    lambdadb-OAS:
        sourceNamespace: lambdadb-oas
        sourceRevisionDigest: sha256:8193d899907705fad0388a3afb8c257c84565aae5a9a5865d0b85396cdcdf3c6
        sourceBlobDigest: sha256:b315a03aff8730ac08e9ece3ed142b883f96e885dd8d579051d6c1a2b25fd2d2
        tags:
            - latest
            - speakeasy-sdk-regen-1770690526
            - 1.1.1
targets:
    lambdadb:
        source: lambdadb-OAS
        sourceNamespace: lambdadb-oas
        sourceRevisionDigest: sha256:8193d899907705fad0388a3afb8c257c84565aae5a9a5865d0b85396cdcdf3c6
        sourceBlobDigest: sha256:b315a03aff8730ac08e9ece3ed142b883f96e885dd8d579051d6c1a2b25fd2d2
        codeSamplesNamespace: lambdadb-oas-code-samples
        codeSamplesRevisionDigest: sha256:2573f74f58c88bb9e311e49ae5f3d5494f5c0e7d0ef31968d85a412d280b2968
workflow:
    workflowVersion: 1.0.0
    speakeasyVersion: latest
    sources:
        lambdadb-OAS:
            inputs:
                - location: https://raw.githubusercontent.com/lambdadb/docs/main/reference/api/openapi.json
            overlays:
                - location: .speakeasy/speakeasy-modifications-overlay.yaml
            output: .speakeasy/out.openapi.yaml
            registry:
                location: registry.speakeasyapi.dev/lambdadb/go/lambdadb-oas
    targets:
        lambdadb:
            target: go
            source: lambdadb-OAS
            codeSamples:
                registry:
                    location: registry.speakeasyapi.dev/lambdadb/go/lambdadb-oas-code-samples
                labelOverride:
                    fixedValue: Go (SDK)
                blocking: false
